
Microsoft Visual Studio Solution File, Format Version 12.00
# Visual Studio Version 16
VisualStudioVersion = 16.0.30330.147
MinimumVisualStudioVersion = 10.0.40219.1
Project("{FAE04EC0-301F-11D3-BF4B-00C04F79EFBC}") = "Leantek.Gateway", "Leantek.Gateway\Leantek.Gateway.csproj", "{031EBF6A-F14C-4D2A-8028-5CB7CA3F1692}"
EndProject
Global
	GlobalSection(SolutionConfigurationPlatforms) = preSolution
		Debug|Any CPU = Debug|Any CPU
		Release|Any CPU = Release|Any CPU
	EndGlobalSection
	GlobalSection(ProjectConfigurationPlatforms) = postSolution
		{031EBF6A-F14C-4D2A-8028-5CB7CA3F1692}.Debug|Any CPU.ActiveCfg = Debug|Any CPU
		{031EBF6A-F14C-4D2A-8028-5CB7CA3F1692}.Debug|Any CPU.Build.0 = Debug|Any CPU
		{031EBF6A-F14C-4D2A-8028-5CB7CA3F1692}.Release|Any CPU.ActiveCfg = Release|Any CPU
		{031EBF6A-F14C-4D2A-8028-5CB7CA3F1692}.Release|Any CPU.Build.0 = Release|Any CPU
	EndGlobalSection
	GlobalSection(SolutionProperties) = preSolution
		HideSolutionNode = FALSE
	EndGlobalSection
	GlobalSection(ExtensibilityGlobals) = postSolution
		SolutionGuid = {EF08085E-E6E2-4C87-972A-453E23101788}
	EndGlobalSection
EndGlobal
